hash: ccf13e2499583ebe6dfd969f38e04eb73b78c49eadbddfd15e608462a0856704
updated: 2017-07-31T14:53:28.207167568+01:00
imports:
- name: github.com/onsi/ginkgo
  version: 9eda700730cba42af70d53180f9dcce9266bc2bc
- name: github.com/onsi/gomega
  version: c893efa28eb45626cdaa76c9f653b62488858837
testImports: []
